Microsoft Visual Studio Solution File, Format Version 11.00
# Visual Studio 2008

Project("{89C1FFA9-098B-3D13-4350-0830E63D00D0}") = "GravityHopCombined", "Assembly-CSharp-firstpass.csproj", "{09DB5993-4D57-D54E-6186-E580B65120ED}"
EndProject
Project("{89C1FFA9-098B-3D13-4350-0830E63D00D0}") = "GravityHopCombined", "Assembly-CSharp.csproj", "{A3E8C4B9-6A7C-553D-E331-3335E0C93CDB}"
EndProject
Project("{89C1FFA9-098B-3D13-4350-0830E63D00D0}") = "GravityHopCombined", "Assembly-CSharp-Editor.csproj", "{51ECB2D4-BC60-2E88-8ED0-011E585C229B}"
EndProject
Global
	GlobalSection(SolutionConfigurationPlatforms) = preSolution
		Debug|Any CPU = Debug|Any CPU
		Release|Any CPU = Release|Any CPU
	EndGlobalSection
	GlobalSection(ProjectConfigurationPlatforms) = postSolution
		{09DB5993-4D57-D54E-6186-E580B65120ED}.Debug|Any CPU.ActiveCfg = Debug|Any CPU
		{09DB5993-4D57-D54E-6186-E580B65120ED}.Debug|Any CPU.Build.0 = Debug|Any CPU
		{09DB5993-4D57-D54E-6186-E580B65120ED}.Release|Any CPU.ActiveCfg = Release|Any CPU
		{09DB5993-4D57-D54E-6186-E580B65120ED}.Release|Any CPU.Build.0 = Release|Any CPU
		{A3E8C4B9-6A7C-553D-E331-3335E0C93CDB}.Debug|Any CPU.ActiveCfg = Debug|Any CPU
		{A3E8C4B9-6A7C-553D-E331-3335E0C93CDB}.Debug|Any CPU.Build.0 = Debug|Any CPU
		{A3E8C4B9-6A7C-553D-E331-3335E0C93CDB}.Release|Any CPU.ActiveCfg = Release|Any CPU
		{A3E8C4B9-6A7C-553D-E331-3335E0C93CDB}.Release|Any CPU.Build.0 = Release|Any CPU
		{51ECB2D4-BC60-2E88-8ED0-011E585C229B}.Debug|Any CPU.ActiveCfg = Debug|Any CPU
		{51ECB2D4-BC60-2E88-8ED0-011E585C229B}.Debug|Any CPU.Build.0 = Debug|Any CPU
		{51ECB2D4-BC60-2E88-8ED0-011E585C229B}.Release|Any CPU.ActiveCfg = Release|Any CPU
		{51ECB2D4-BC60-2E88-8ED0-011E585C229B}.Release|Any CPU.Build.0 = Release|Any CPU
	EndGlobalSection
	GlobalSection(SolutionProperties) = preSolution
		HideSolutionNode = FALSE
	EndGlobalSection
	GlobalSection(MonoDevelopProperties) = preSolution
		StartupItem = Assembly-CSharp.csproj
	EndGlobalSection
EndGlobal
