
Microsoft Visual Studio Solution File, Format Version 12.00
# Visual Studio 2015
Project("{FAE04EC0-301F-11D3-BF4B-00C04F79EFBC}") = "Xuechaow.CSharp", "Xuechaow.CSharp.csproj", "{79512E13-34E2-59CE-EBDC-21B9FAF5555B}"
EndProject
Global
	GlobalSection(SolutionConfigurationPlatforms) = preSolution
		Debug|Any CPU = Debug|Any CPU
		Release|Any CPU = Release|Any CPU
	EndGlobalSection
	GlobalSection(ProjectConfigurationPlatforms) = postSolution
		{79512E13-34E2-59CE-EBDC-21B9FAF5555B}.Debug|Any CPU.ActiveCfg = Debug|Any CPU
		{79512E13-34E2-59CE-EBDC-21B9FAF5555B}.Debug|Any CPU.Build.0 = Debug|Any CPU
		{79512E13-34E2-59CE-EBDC-21B9FAF5555B}.Release|Any CPU.ActiveCfg = Release|Any CPU
		{79512E13-34E2-59CE-EBDC-21B9FAF5555B}.Release|Any CPU.Build.0 = Release|Any CPU
	EndGlobalSection
	GlobalSection(SolutionProperties) = preSolution
		HideSolutionNode = FALSE
	EndGlobalSection
EndGlobal
