Microsoft Visual Studio Solution File, Format Version 11.00
# Visual Studio 2008

Project("{B75E038D-0506-83F8-F246-744360E4D431}") = "Week4Obstacles", "Assembly-CSharp.csproj", "{8770D29A-C959-FF3E-723D-9D25B6F2547B}"
EndProject
Project("{B75E038D-0506-83F8-F246-744360E4D431}") = "Week4Obstacles", "Assembly-CSharp-Editor.csproj", "{5A9BF9D1-9EB0-4BF8-E54A-F11C7AB9A153}"
EndProject
Global
	GlobalSection(SolutionConfigurationPlatforms) = preSolution
		Debug|Any CPU = Debug|Any CPU
		Release|Any CPU = Release|Any CPU
	EndGlobalSection
	GlobalSection(ProjectConfigurationPlatforms) = postSolution
		{8770D29A-C959-FF3E-723D-9D25B6F2547B}.Debug|Any CPU.ActiveCfg = Debug|Any CPU
		{8770D29A-C959-FF3E-723D-9D25B6F2547B}.Debug|Any CPU.Build.0 = Debug|Any CPU
		{8770D29A-C959-FF3E-723D-9D25B6F2547B}.Release|Any CPU.ActiveCfg = Release|Any CPU
		{8770D29A-C959-FF3E-723D-9D25B6F2547B}.Release|Any CPU.Build.0 = Release|Any CPU
		{5A9BF9D1-9EB0-4BF8-E54A-F11C7AB9A153}.Debug|Any CPU.ActiveCfg = Debug|Any CPU
		{5A9BF9D1-9EB0-4BF8-E54A-F11C7AB9A153}.Debug|Any CPU.Build.0 = Debug|Any CPU
		{5A9BF9D1-9EB0-4BF8-E54A-F11C7AB9A153}.Release|Any CPU.ActiveCfg = Release|Any CPU
		{5A9BF9D1-9EB0-4BF8-E54A-F11C7AB9A153}.Release|Any CPU.Build.0 = Release|Any CPU
	EndGlobalSection
	GlobalSection(SolutionProperties) = preSolution
		HideSolutionNode = FALSE
	EndGlobalSection
	GlobalSection(MonoDevelopProperties) = preSolution
		StartupItem = Assembly-CSharp.csproj
	EndGlobalSection
EndGlobal
